
Microsoft Visual Studio Solution File, Format Version 12.00
# Visual Studio Version 17
VisualStudioVersion = 17.5.2.0
MinimumVisualStudioVersion = 10.0.40219.1
Project("{2150E333-8FDC-42A3-9474-1A3956D46DE8}") = "zuli_backend", "zuli_backend", "{4E7A3FCF-EAFF-95FB-C3F6-B03336031506}"
EndProject
Project("{FAE04EC0-301F-11D3-BF4B-00C04F79EFBC}") = "zuli_backend", "zuli_backend\zuli_backend\zuli_backend.csproj", "{0CE8B2D6-2E08-D9D4-C5BF-BD8DEA37AE49}"
EndProject
Project("{2150E333-8FDC-42A3-9474-1A3956D46DE8}") = "zuli_buisiness", "zuli_buisiness", "{E5553EA7-F5DC-0FCC-BCA2-EC2A389C1377}"
EndProject
Project("{FAE04EC0-301F-11D3-BF4B-00C04F79EFBC}") = "zuli_Business", "zuli_backend\zuli_buisiness\zuli_Business.csproj", "{A111C6B5-B0B7-E5EF-EC99-486A26364DA9}"
EndProject
Project("{FAE04EC0-301F-11D3-BF4B-00C04F79EFBC}") = "zuli_Data", "zuli_backend\zuli_Data\zuli_Data.csproj", "{80CA36D1-E151-7327-9FA9-C01864CB1D0D}"
EndProject
Project("{FAE04EC0-301F-11D3-BF4B-00C04F79EFBC}") = "zuli_Repository", "zuli_backend\zuli_Repository\zuli_Repository.csproj", "{A803EA21-1170-282A-159B-60826D84C183}"
EndProject
Project("{FAE04EC0-301F-11D3-BF4B-00C04F79EFBC}") = "Tests", "zuli_backend\Tests\Tests.csproj", "{EE6566DB-9CD7-4146-8DCA-933314B34695}"
EndProject
Global
	GlobalSection(SolutionConfigurationPlatforms) = preSolution
		Debug|Any CPU = Debug|Any CPU
		Debug|x64 = Debug|x64
		Debug|x86 = Debug|x86
		Release|Any CPU = Release|Any CPU
		Release|x64 = Release|x64
		Release|x86 = Release|x86
	EndGlobalSection
	GlobalSection(ProjectConfigurationPlatforms) = postSolution
		{0CE8B2D6-2E08-D9D4-C5BF-BD8DEA37AE49}.Debug|Any CPU.ActiveCfg = Debug|Any CPU
		{0CE8B2D6-2E08-D9D4-C5BF-BD8DEA37AE49}.Debug|Any CPU.Build.0 = Debug|Any CPU
		{0CE8B2D6-2E08-D9D4-C5BF-BD8DEA37AE49}.Debug|x64.ActiveCfg = Debug|Any CPU
		{0CE8B2D6-2E08-D9D4-C5BF-BD8DEA37AE49}.Debug|x64.Build.0 = Debug|Any CPU
		{0CE8B2D6-2E08-D9D4-C5BF-BD8DEA37AE49}.Debug|x86.ActiveCfg = Debug|Any CPU
		{0CE8B2D6-2E08-D9D4-C5BF-BD8DEA37AE49}.Debug|x86.Build.0 = Debug|Any CPU
		{0CE8B2D6-2E08-D9D4-C5BF-BD8DEA37AE49}.Release|Any CPU.ActiveCfg = Release|Any CPU
		{0CE8B2D6-2E08-D9D4-C5BF-BD8DEA37AE49}.Release|Any CPU.Build.0 = Release|Any CPU
		{0CE8B2D6-2E08-D9D4-C5BF-BD8DEA37AE49}.Release|x64.ActiveCfg = Release|Any CPU
		{0CE8B2D6-2E08-D9D4-C5BF-BD8DEA37AE49}.Release|x64.Build.0 = Release|Any CPU
		{0CE8B2D6-2E08-D9D4-C5BF-BD8DEA37AE49}.Release|x86.ActiveCfg = Release|Any CPU
		{0CE8B2D6-2E08-D9D4-C5BF-BD8DEA37AE49}.Release|x86.Build.0 = Release|Any CPU
		{A111C6B5-B0B7-E5EF-EC99-486A26364DA9}.Debug|Any CPU.ActiveCfg = Debug|Any CPU
		{A111C6B5-B0B7-E5EF-EC99-486A26364DA9}.Debug|Any CPU.Build.0 = Debug|Any CPU
		{A111C6B5-B0B7-E5EF-EC99-486A26364DA9}.Debug|x64.ActiveCfg = Debug|Any CPU
		{A111C6B5-B0B7-E5EF-EC99-486A26364DA9}.Debug|x64.Build.0 = Debug|Any CPU
		{A111C6B5-B0B7-E5EF-EC99-486A26364DA9}.Debug|x86.ActiveCfg = Debug|Any CPU
		{A111C6B5-B0B7-E5EF-EC99-486A26364DA9}.Debug|x86.Build.0 = Debug|Any CPU
		{A111C6B5-B0B7-E5EF-EC99-486A26364DA9}.Release|Any CPU.ActiveCfg = Release|Any CPU
		{A111C6B5-B0B7-E5EF-EC99-486A26364DA9}.Release|Any CPU.Build.0 = Release|Any CPU
		{A111C6B5-B0B7-E5EF-EC99-486A26364DA9}.Release|x64.ActiveCfg = Release|Any CPU
		{A111C6B5-B0B7-E5EF-EC99-486A26364DA9}.Release|x64.Build.0 = Release|Any CPU
		{A111C6B5-B0B7-E5EF-EC99-486A26364DA9}.Release|x86.ActiveCfg = Release|Any CPU
		{A111C6B5-B0B7-E5EF-EC99-486A26364DA9}.Release|x86.Build.0 = Release|Any CPU
		{80CA36D1-E151-7327-9FA9-C01864CB1D0D}.Debug|Any CPU.ActiveCfg = Debug|Any CPU
		{80CA36D1-E151-7327-9FA9-C01864CB1D0D}.Debug|Any CPU.Build.0 = Debug|Any CPU
		{80CA36D1-E151-7327-9FA9-C01864CB1D0D}.Debug|x64.ActiveCfg = Debug|Any CPU
		{80CA36D1-E151-7327-9FA9-C01864CB1D0D}.Debug|x64.Build.0 = Debug|Any CPU
		{80CA36D1-E151-7327-9FA9-C01864CB1D0D}.Debug|x86.ActiveCfg = Debug|Any CPU
		{80CA36D1-E151-7327-9FA9-C01864CB1D0D}.Debug|x86.Build.0 = Debug|Any CPU
		{80CA36D1-E151-7327-9FA9-C01864CB1D0D}.Release|Any CPU.ActiveCfg = Release|Any CPU
		{80CA36D1-E151-7327-9FA9-C01864CB1D0D}.Release|Any CPU.Build.0 = Release|Any CPU
		{80CA36D1-E151-7327-9FA9-C01864CB1D0D}.Release|x64.ActiveCfg = Release|Any CPU
		{80CA36D1-E151-7327-9FA9-C01864CB1D0D}.Release|x64.Build.0 = Release|Any CPU
		{80CA36D1-E151-7327-9FA9-C01864CB1D0D}.Release|x86.ActiveCfg = Release|Any CPU
		{80CA36D1-E151-7327-9FA9-C01864CB1D0D}.Release|x86.Build.0 = Release|Any CPU
		{A803EA21-1170-282A-159B-60826D84C183}.Debug|Any CPU.ActiveCfg = Debug|Any CPU
		{A803EA21-1170-282A-159B-60826D84C183}.Debug|Any CPU.Build.0 = Debug|Any CPU
		{A803EA21-1170-282A-159B-60826D84C183}.Debug|x64.ActiveCfg = Debug|Any CPU
		{A803EA21-1170-282A-159B-60826D84C183}.Debug|x64.Build.0 = Debug|Any CPU
		{A803EA21-1170-282A-159B-60826D84C183}.Debug|x86.ActiveCfg = Debug|Any CPU
		{A803EA21-1170-282A-159B-60826D84C183}.Debug|x86.Build.0 = Debug|Any CPU
		{A803EA21-1170-282A-159B-60826D84C183}.Release|Any CPU.ActiveCfg = Release|Any CPU
		{A803EA21-1170-282A-159B-60826D84C183}.Release|Any CPU.Build.0 = Release|Any CPU
		{A803EA21-1170-282A-159B-60826D84C183}.Release|x64.ActiveCfg = Release|Any CPU
		{A803EA21-1170-282A-159B-60826D84C183}.Release|x64.Build.0 = Release|Any CPU
		{A803EA21-1170-282A-159B-60826D84C183}.Release|x86.ActiveCfg = Release|Any CPU
		{A803EA21-1170-282A-159B-60826D84C183}.Release|x86.Build.0 = Release|Any CPU
		{EE6566DB-9CD7-4146-8DCA-933314B34695}.Debug|Any CPU.ActiveCfg = Debug|Any CPU
		{EE6566DB-9CD7-4146-8DCA-933314B34695}.Debug|Any CPU.Build.0 = Debug|Any CPU
		{EE6566DB-9CD7-4146-8DCA-933314B34695}.Debug|x64.ActiveCfg = Debug|Any CPU
		{EE6566DB-9CD7-4146-8DCA-933314B34695}.Debug|x64.Build.0 = Debug|Any CPU
		{EE6566DB-9CD7-4146-8DCA-933314B34695}.Debug|x86.ActiveCfg = Debug|Any CPU
		{EE6566DB-9CD7-4146-8DCA-933314B34695}.Debug|x86.Build.0 = Debug|Any CPU
		{EE6566DB-9CD7-4146-8DCA-933314B34695}.Release|Any CPU.ActiveCfg = Release|Any CPU
		{EE6566DB-9CD7-4146-8DCA-933314B34695}.Release|Any CPU.Build.0 = Release|Any CPU
		{EE6566DB-9CD7-4146-8DCA-933314B34695}.Release|x64.ActiveCfg = Release|Any CPU
		{EE6566DB-9CD7-4146-8DCA-933314B34695}.Release|x64.Build.0 = Release|Any CPU
		{EE6566DB-9CD7-4146-8DCA-933314B34695}.Release|x86.ActiveCfg = Release|Any CPU
		{EE6566DB-9CD7-4146-8DCA-933314B34695}.Release|x86.Build.0 = Release|Any CPU
	EndGlobalSection
	GlobalSection(SolutionProperties) = preSolution
		HideSolutionNode = FALSE
	EndGlobalSection
	GlobalSection(NestedProjects) = preSolution
		{0CE8B2D6-2E08-D9D4-C5BF-BD8DEA37AE49} = {4E7A3FCF-EAFF-95FB-C3F6-B03336031506}
		{E5553EA7-F5DC-0FCC-BCA2-EC2A389C1377} = {4E7A3FCF-EAFF-95FB-C3F6-B03336031506}
		{A111C6B5-B0B7-E5EF-EC99-486A26364DA9} = {E5553EA7-F5DC-0FCC-BCA2-EC2A389C1377}
		{80CA36D1-E151-7327-9FA9-C01864CB1D0D} = {4E7A3FCF-EAFF-95FB-C3F6-B03336031506}
		{A803EA21-1170-282A-159B-60826D84C183} = {4E7A3FCF-EAFF-95FB-C3F6-B03336031506}
	EndGlobalSection
	GlobalSection(ExtensibilityGlobals) = postSolution
		SolutionGuid = {EE896E19-330E-4C4B-BA93-84DF06252195}
	EndGlobalSection
EndGlobal
