<Solution>
  <Project Path="Tests/Tests.csproj" Id="d526ec34-4b5c-425e-b1f4-6a213c88446d" />
  <Project Path="zuli_backend/zuli_backend.csproj" />
  <Project Path="zuli_buisiness/zuli_Business.csproj" />
  <Project Path="zuli_Data/zuli_Data.csproj" />
  <Project Path="zuli_Repository/zuli_Repository.csproj" />
</Solution>
